
Microsoft Visual Studio Solution File, Format Version 12.00
# Visual Studio 15
VisualStudioVersion = 15.0.27428.2015
MinimumVisualStudioVersion = 10.0.40219.1
Project("{FAE04EC0-301F-11D3-BF4B-00C04F79EFBC}") = "Kveer.XmlRPC", "Kveer.XmlRPC\Kveer.XmlRPC.csproj", "{DDA79D67-2320-40CD-8089-51A3061023F5}"
EndProject
Global
	GlobalSection(SolutionConfigurationPlatforms) = preSolution
		Debug|Any CPU = Debug|Any CPU
		Release|Any CPU = Release|Any CPU
	EndGlobalSection
	GlobalSection(ProjectConfigurationPlatforms) = postSolution
		{DDA79D67-2320-40CD-8089-51A3061023F5}.Debug|Any CPU.ActiveCfg = Debug|Any CPU
		{DDA79D67-2320-40CD-8089-51A3061023F5}.Debug|Any CPU.Build.0 = Debug|Any CPU
		{DDA79D67-2320-40CD-8089-51A3061023F5}.Release|Any CPU.ActiveCfg = Release|Any CPU
		{DDA79D67-2320-40CD-8089-51A3061023F5}.Release|Any CPU.Build.0 = Release|Any CPU
	EndGlobalSection
	GlobalSection(SolutionProperties) = preSolution
		HideSolutionNode = FALSE
	EndGlobalSection
	GlobalSection(ExtensibilityGlobals) = postSolution
		SolutionGuid = {993C7242-6984-4B9B-93C4-3C4ED39B715D}
	EndGlobalSection
EndGlobal
